// !$*UTF8*$!
{
	archiveVersion = 1;
	classes = {
	};
	objectVersion = 46;
	objects = {

/* Begin PBXBuildFile section */
		A21D851B1C0CD6FD000247E0 /* TestPlayers.swift in Sources */ = {isa = PBXBuildFile; fileRef = A21D851A1C0CD6FD000247E0 /* TestPlayers.swift */; };
		A2B70BCE1C04E9920073E105 /* AppDelegate.swift in Sources */ = {isa = PBXBuildFile; fileRef = A2B70BCD1C04E9920073E105 /* AppDelegate.swift */; };
		A2B70BD41C04E9920073E105 /* ViewController.swift in Sources */ = {isa = PBXBuildFile; fileRef = A2B70BD31C04E9920073E105 /* ViewController.swift */; };
		A2B70BD71C04E9920073E105 /* Main.storyboard in Resources */ = {isa = PBXBuildFile; fileRef = A2B70BD51C04E9920073E105 /* Main.storyboard */; };
		A2B70BD91C04E9920073E105 /* Assets.xcassets in Resources */ = {isa = PBXBuildFile; fileRef = A2B70BD81C04E9920073E105 /* Assets.xcassets */; };
		A2B70BDC1C04E9920073E105 /* LaunchScreen.storyboard in Resources */ = {isa = PBXBuildFile; fileRef = A2B70BDA1C04E9920073E105 /* LaunchScreen.storyboard */; };
		A2B70BE71C04E9920073E105 /* BladeTests.swift in Sources */ = {isa = PBXBuildFile; fileRef = A2B70BE61C04E9920073E105 /* BladeTests.swift */; };
		A2B70BF21C04E9920073E105 /* BladeUITests.swift in Sources */ = {isa = PBXBuildFile; fileRef = A2B70BF11C04E9920073E105 /* BladeUITests.swift */; };
		A2B70C011C04EAE00073E105 /* Card.swift in Sources */ = {isa = PBXBuildFile; fileRef = A2B70C001C04EAE00073E105 /* Card.swift */; };
		A2B70C031C04FD630073E105 /* Deck.swift in Sources */ = {isa = PBXBuildFile; fileRef = A2B70C021C04FD630073E105 /* Deck.swift */; };
		A2B70C051C0508230073E105 /* GameManager.swift in Sources */ = {isa = PBXBuildFile; fileRef = A2B70C041C0508230073E105 /* GameManager.swift */; };
		A2B70C071C050A8B0073E105 /* Action.swift in Sources */ = {isa = PBXBuildFile; fileRef = A2B70C061C050A8B0073E105 /* Action.swift */; };
		A2B70C091C050D430073E105 /* GameStatus.swift in Sources */ = {isa = PBXBuildFile; fileRef = A2B70C081C050D430073E105 /* GameStatus.swift */; };
		A2B70C0B1C050F2A0073E105 /* Player.swift in Sources */ = {isa = PBXBuildFile; fileRef = A2B70C0A1C050F2A0073E105 /* Player.swift */; };
/* End PBXBuildFile section */

/* Begin PBXContainerItemProxy section */
		A2B70BE31C04E9920073E105 /* PBXContainerItemProxy */ = {
			isa = PBXContainerItemProxy;
			containerPortal = A2B70BC21C04E9910073E105 /* Project object */;
			proxyType = 1;
			remoteGlobalIDString = A2B70BC91C04E9910073E105;
			remoteInfo = Blade;
		};
		A2B70BEE1C04E9920073E105 /* PBXContainerItemProxy */ = {
			isa = PBXContainerItemProxy;
			containerPortal = A2B70BC21C04E9910073E105 /* Project object */;
			proxyType = 1;
			remoteGlobalIDString = A2B70BC91C04E9910073E105;
			remoteInfo = Blade;
		};
/* End PBXContainerItemProxy section */

/* Begin PBXFileReference section */
		A21D851A1C0CD6FD000247E0 /* TestPlayers.swift */ = {isa = PBXFileReference; fileEncoding = 4; lastKnownFileType = sourcecode.swift; path = TestPlayers.swift; sourceTree = "<group>"; };
		A2B70BCA1C04E9910073E105 /* Blade.app */ = {isa = PBXFileReference; explicitFileType = wrapper.application; includeInIndex = 0; path = Blade.app; sourceTree = BUILT_PRODUCTS_DIR; };
		A2B70BCD1C04E9920073E105 /* AppDelegate.swift */ = {isa = PBXFileReference; lastKnownFileType = sourcecode.swift; path = AppDelegate.swift; sourceTree = "<group>"; };
		A2B70BD31C04E9920073E105 /* ViewController.swift */ = {isa = PBXFileReference; lastKnownFileType = sourcecode.swift; path = ViewController.swift; sourceTree = "<group>"; };
		A2B70BD61C04E9920073E105 /* Base */ = {isa = PBXFileReference; lastKnownFileType = file.storyboard; name = Base; path = Base.lproj/Main.storyboard; sourceTree = "<group>"; };
		A2B70BD81C04E9920073E105 /* Assets.xcassets */ = {isa = PBXFileReference; lastKnownFileType = folder.assetcatalog; path = Assets.xcassets; sourceTree = "<group>"; };
		A2B70BDB1C04E9920073E105 /* Base */ = {isa = PBXFileReference; lastKnownFileType = file.storyboard; name = Base; path = Base.lproj/LaunchScreen.storyboard; sourceTree = "<group>"; };
		A2B70BDD1C04E9920073E105 /* Info.plist */ = {isa = PBXFileReference; lastKnownFileType = text.plist.xml; path = Info.plist; sourceTree = "<group>"; };
		A2B70BE21C04E9920073E105 /* BladeTests.xctest */ = {isa = PBXFileReference; explicitFileType = wrapper.cfbundle; includeInIndex = 0; path = BladeTests.xctest; sourceTree = BUILT_PRODUCTS_DIR; };
		A2B70BE61C04E9920073E105 /* BladeTests.swift */ = {isa = PBXFileReference; lastKnownFileType = sourcecode.swift; path = BladeTests.swift; sourceTree = "<group>"; };
		A2B70BE81C04E9920073E105 /* Info.plist */ = {isa = PBXFileReference; lastKnownFileType = text.plist.xml; path = Info.plist; sourceTree = "<group>"; };
		A2B70BED1C04E9920073E105 /* BladeUITests.xctest */ = {isa = PBXFileReference; explicitFileType = wrapper.cfbundle; includeInIndex = 0; path = BladeUITests.xctest; sourceTree = BUILT_PRODUCTS_DIR; };
		A2B70BF11C04E9920073E105 /* BladeUITests.swift */ = {isa = PBXFileReference; lastKnownFileType = sourcecode.swift; path = BladeUITests.swift; sourceTree = "<group>"; };
		A2B70BF31C04E9920073E105 /* Info.plist */ = {isa = PBXFileReference; lastKnownFileType = text.plist.xml; path = Info.plist; sourceTree = "<group>"; };
		A2B70C001C04EAE00073E105 /* Card.swift */ = {isa = PBXFileReference; fileEncoding = 4; lastKnownFileType = sourcecode.swift; path = Card.swift; sourceTree = "<group>"; };
		A2B70C021C04FD630073E105 /* Deck.swift */ = {isa = PBXFileReference; fileEncoding = 4; lastKnownFileType = sourcecode.swift; path = Deck.swift; sourceTree = "<group>"; };
		A2B70C041C0508230073E105 /* GameManager.swift */ = {isa = PBXFileReference; fileEncoding = 4; lastKnownFileType = sourcecode.swift; path = GameManager.swift; sourceTree = "<group>"; };
		A2B70C061C050A8B0073E105 /* Action.swift */ = {isa = PBXFileReference; fileEncoding = 4; lastKnownFileType = sourcecode.swift; path = Action.swift; sourceTree = "<group>"; };
		A2B70C081C050D430073E105 /* GameStatus.swift */ = {isa = PBXFileReference; fileEncoding = 4; lastKnownFileType = sourcecode.swift; path = GameStatus.swift; sourceTree = "<group>"; };
		A2B70C0A1C050F2A0073E105 /* Player.swift */ = {isa = PBXFileReference; fileEncoding = 4; lastKnownFileType = sourcecode.swift; path = Player.swift; sourceTree = "<group>"; };
/* End PBXFileReference section */

/* Begin PBXFrameworksBuildPhase section */
		A2B70BC71C04E9910073E105 /* Frameworks */ = {
			isa = PBXFrameworksBuildPhase;
			buildActionMask = 2147483647;
			files = (
			);
			runOnlyForDeploymentPostprocessing = 0;
		};
		A2B70BDF1C04E9920073E105 /* Frameworks */ = {
			isa = PBXFrameworksBuildPhase;
			buildActionMask = 2147483647;
			files = (
			);
			runOnlyForDeploymentPostprocessing = 0;
		};
		A2B70BEA1C04E9920073E105 /* Frameworks */ = {
			isa = PBXFrameworksBuildPhase;
			buildActionMask = 2147483647;
			files = (
			);
			runOnlyForDeploymentPostprocessing = 0;
		};
/* End PBXFrameworksBuildPhase section */

/* Begin PBXGroup section */
		A2B70BC11C04E9910073E105 = {
			isa = PBXGroup;
			children = (
				A2B70BCC1C04E9920073E105 /* Blade */,
				A2B70BE51C04E9920073E105 /* BladeTests */,
				A2B70BF01C04E9920073E105 /* BladeUITests */,
				A2B70BCB1C04E9910073E105 /* Products */,
			);
			sourceTree = "<group>";
		};
		A2B70BCB1C04E9910073E105 /* Products */ = {
			isa = PBXGroup;
			children = (
				A2B70BCA1C04E9910073E105 /* Blade.app */,
				A2B70BE21C04E9920073E105 /* BladeTests.xctest */,
				A2B70BED1C04E9920073E105 /* BladeUITests.xctest */,
			);
			name = Products;
			sourceTree = "<group>";
		};
		A2B70BCC1C04E9920073E105 /* Blade */ = {
			isa = PBXGroup;
			children = (
				A2B70BFF1C04EABF0073E105 /* Logic */,
				A2B70BCD1C04E9920073E105 /* AppDelegate.swift */,
				A2B70BD31C04E9920073E105 /* ViewController.swift */,
				A2B70BD51C04E9920073E105 /* Main.storyboard */,
				A2B70BD81C04E9920073E105 /* Assets.xcassets */,
				A2B70BDA1C04E9920073E105 /* LaunchScreen.storyboard */,
				A2B70BDD1C04E9920073E105 /* Info.plist */,
			);
			path = Blade;
			sourceTree = "<group>";
		};
		A2B70BE51C04E9920073E105 /* BladeTests */ = {
			isa = PBXGroup;
			children = (
				A2B70BE61C04E9920073E105 /* BladeTests.swift */,
				A2B70BE81C04E9920073E105 /* Info.plist */,
			);
			path = BladeTests;
			sourceTree = "<group>";
		};
		A2B70BF01C04E9920073E105 /* BladeUITests */ = {
			isa = PBXGroup;
			children = (
				A2B70BF11C04E9920073E105 /* BladeUITests.swift */,
				A2B70BF31C04E9920073E105 /* Info.plist */,
			);
			path = BladeUITests;
			sourceTree = "<group>";
		};
		A2B70BFF1C04EABF0073E105 /* Logic */ = {
			isa = PBXGroup;
			children = (
				A2B70C001C04EAE00073E105 /* Card.swift */,
				A2B70C021C04FD630073E105 /* Deck.swift */,
				A2B70C041C0508230073E105 /* GameManager.swift */,
				A2B70C0A1C050F2A0073E105 /* Player.swift */,
				A2B70C081C050D430073E105 /* GameStatus.swift */,
				A2B70C061C050A8B0073E105 /* Action.swift */,
				A21D851A1C0CD6FD000247E0 /* TestPlayers.swift */,
			);
			name = Logic;
			sourceTree = "<group>";
		};
/* End PBXGroup section */

/* Begin PBXNativeTarget section */
		A2B70BC91C04E9910073E105 /* Blade */ = {
			isa = PBXNativeTarget;
			buildConfigurationList = A2B70BF61C04E9920073E105 /* Build configuration list for PBXNativeTarget "Blade" */;
			buildPhases = (
				A2B70BC61C04E9910073E105 /* Sources */,
				A2B70BC71C04E9910073E105 /* Frameworks */,
				A2B70BC81C04E9910073E105 /* Resources */,
			);
			buildRules = (
			);
			dependencies = (
			);
			name = Blade;
			productName = Blade;
			productReference = A2B70BCA1C04E9910073E105 /* Blade.app */;
			productType = "com.apple.product-type.application";
		};
		A2B70BE11C04E9920073E105 /* BladeTests */ = {
			isa = PBXNativeTarget;
			buildConfigurationList = A2B70BF91C04E9920073E105 /* Build configuration list for PBXNativeTarget "BladeTests" */;
			buildPhases = (
				A2B70BDE1C04E9920073E105 /* Sources */,
				A2B70BDF1C04E9920073E105 /* Frameworks */,
				A2B70BE01C04E9920073E105 /* Resources */,
			);
			buildRules = (
			);
			dependencies = (
				A2B70BE41C04E9920073E105 /* PBXTargetDependency */,
			);
			name = BladeTests;
			productName = BladeTests;
			productReference = A2B70BE21C04E9920073E105 /* BladeTests.xctest */;
			productType = "com.apple.product-type.bundle.unit-test";
		};
		A2B70BEC1C04E9920073E105 /* BladeUITests */ = {
			isa = PBXNativeTarget;
			buildConfigurationList = A2B70BFC1C04E9920073E105 /* Build configuration list for PBXNativeTarget "BladeUITests" */;
			buildPhases = (
				A2B70BE91C04E9920073E105 /* Sources */,
				A2B70BEA1C04E9920073E105 /* Frameworks */,
				A2B70BEB1C04E9920073E105 /* Resources */,
			);
			buildRules = (
			);
			dependencies = (
				A2B70BEF1C04E9920073E105 /* PBXTargetDependency */,
			);
			name = BladeUITests;
			productName = BladeUITests;
			productReference = A2B70BED1C04E9920073E105 /* BladeUITests.xctest */;
			productType = "com.apple.product-type.bundle.ui-testing";
		};
/* End PBXNativeTarget section */

/* Begin PBXProject section */
		A2B70BC21C04E9910073E105 /* Project object */ = {
			isa = PBXProject;
			attributes = {
				LastSwiftUpdateCheck = 0710;
				LastUpgradeCheck = 0710;
				ORGANIZATIONNAME = "Peter Chen";
				TargetAttributes = {
					A2B70BC91C04E9910073E105 = {
						CreatedOnToolsVersion = 7.1.1;
					};
					A2B70BE11C04E9920073E105 = {
						CreatedOnToolsVersion = 7.1.1;
						TestTargetID = A2B70BC91C04E9910073E105;
					};
					A2B70BEC1C04E9920073E105 = {
						CreatedOnToolsVersion = 7.1.1;
						TestTargetID = A2B70BC91C04E9910073E105;
					};
				};
			};
			buildConfigurationList = A2B70BC51C04E9910073E105 /* Build configuration list for PBXProject "Blade" */;
			compatibilityVersion = "Xcode 3.2";
			developmentRegion = English;
			hasScannedForEncodings = 0;
			knownRegions = (
				en,
				Base,
			);
			mainGroup = A2B70BC11C04E9910073E105;
			productRefGroup = A2B70BCB1C04E9910073E105 /* Products */;
			projectDirPath = "";
			projectRoot = "";
			targets = (
				A2B70BC91C04E9910073E105 /* Blade */,
				A2B70BE11C04E9920073E105 /* BladeTests */,
				A2B70BEC1C04E9920073E105 /* BladeUITests */,
			);
		};
/* End PBXProject section */

/* Begin PBXResourcesBuildPhase section */
		A2B70BC81C04E9910073E105 /* Resources */ = {
			isa = PBXResourcesBuildPhase;
			buildActionMask = 2147483647;
			files = (
				A2B70BDC1C04E9920073E105 /* LaunchScreen.storyboard in Resources */,
				A2B70BD91C04E9920073E105 /* Assets.xcassets in Resources */,
				A2B70BD71C04E9920073E105 /* Main.storyboard in Resources */,
			);
			runOnlyForDeploymentPostprocessing = 0;
		};
		A2B70BE01C04E9920073E105 /* Resources */ = {
			isa = PBXResourcesBuildPhase;
			buildActionMask = 2147483647;
			files = (
			);
			runOnlyForDeploymentPostprocessing = 0;
		};
		A2B70BEB1C04E9920073E105 /* Resources */ = {
			isa = PBXResourcesBuildPhase;
			buildActionMask = 2147483647;
			files = (
			);
			runOnlyForDeploymentPostprocessing = 0;
		};
/* End PBXResourcesBuildPhase section */

/* Begin PBXSourcesBuildPhase section */
		A2B70BC61C04E9910073E105 /* Sources */ = {
			isa = PBXSourcesBuildPhase;
			buildActionMask = 2147483647;
			files = (
				A2B70C091C050D430073E105 /* GameStatus.swift in Sources */,
				A21D851B1C0CD6FD000247E0 /* TestPlayers.swift in Sources */,
				A2B70C051C0508230073E105 /* GameManager.swift in Sources */,
				A2B70BD41C04E9920073E105 /* ViewController.swift in Sources */,
				A2B70C031C04FD630073E105 /* Deck.swift in Sources */,
				A2B70C071C050A8B0073E105 /* Action.swift in Sources */,
				A2B70BCE1C04E9920073E105 /* AppDelegate.swift in Sources */,
				A2B70C0B1C050F2A0073E105 /* Player.swift in Sources */,
				A2B70C011C04EAE00073E105 /* Card.swift in Sources */,
			);
			runOnlyForDeploymentPostprocessing = 0;
		};
		A2B70BDE1C04E9920073E105 /* Sources */ = {
			isa = PBXSourcesBuildPhase;
			buildActionMask = 2147483647;
			files = (
				A2B70BE71C04E9920073E105 /* BladeTests.swift in Sources */,
			);
			runOnlyForDeploymentPostprocessing = 0;
		};
		A2B70BE91C04E9920073E105 /* Sources */ = {
			isa = PBXSourcesBuildPhase;
			buildActionMask = 2147483647;
			files = (
				A2B70BF21C04E9920073E105 /* BladeUITests.swift in Sources */,
			);
			runOnlyForDeploymentPostprocessing = 0;
		};
/* End PBXSourcesBuildPhase section */

/* Begin PBXTargetDependency section */
		A2B70BE41C04E9920073E105 /* PBXTargetDependency */ = {
			isa = PBXTargetDependency;
			target = A2B70BC91C04E9910073E105 /* Blade */;
			targetProxy = A2B70BE31C04E9920073E105 /* PBXContainerItemProxy */;
		};
		A2B70BEF1C04E9920073E105 /* PBXTargetDependency */ = {
			isa = PBXTargetDependency;
			target = A2B70BC91C04E9910073E105 /* Blade */;
			targetProxy = A2B70BEE1C04E9920073E105 /* PBXContainerItemProxy */;
		};
/* End PBXTargetDependency section */

/* Begin PBXVariantGroup section */
		A2B70BD51C04E9920073E105 /* Main.storyboard */ = {
			isa = PBXVariantGroup;
			children = (
				A2B70BD61C04E9920073E105 /* Base */,
			);
			name = Main.storyboard;
			sourceTree = "<group>";
		};
		A2B70BDA1C04E9920073E105 /* LaunchScreen.storyboard */ = {
			isa = PBXVariantGroup;
			children = (
				A2B70BDB1C04E9920073E105 /* Base */,
			);
			name = LaunchScreen.storyboard;
			sourceTree = "<group>";
		};
/* End PBXVariantGroup section */

/* Begin XCBuildConfiguration section */
		A2B70BF41C04E9920073E105 /* Debug */ = {
			isa = XCBuildConfiguration;
			buildSettings = {
				ALWAYS_SEARCH_USER_PATHS = NO;
				CLANG_CXX_LANGUAGE_STANDARD = "gnu++0x";
				CLANG_CXX_LIBRARY = "libc++";
				CLANG_ENABLE_MODULES = YES;
				CLANG_ENABLE_OBJC_ARC = YES;
				CLANG_WARN_BOOL_CONVERSION = YES;
				CLANG_WARN_CONSTANT_CONVERSION = YES;
				CLANG_WARN_DIRECT_OBJC_ISA_USAGE = YES_ERROR;
				CLANG_WARN_EMPTY_BODY = YES;
				CLANG_WARN_ENUM_CONVERSION = YES;
				CLANG_WARN_INT_CONVERSION = YES;
				CLANG_WARN_OBJC_ROOT_CLASS = YES_ERROR;
				CLANG_WARN_UNREACHABLE_CODE = YES;
				CLANG_WARN__DUPLICATE_METHOD_MATCH = YES;
				"CODE_SIGN_IDENTITY[sdk=iphoneos*]" = "iPhone Developer";
				COPY_PHASE_STRIP = NO;
				DEBUG_INFORMATION_FORMAT = "dwarf-with-dsym";
				ENABLE_STRICT_OBJC_MSGSEND = YES;
				ENABLE_TESTABILITY = YES;
				GCC_C_LANGUAGE_STANDARD = gnu99;
				GCC_DYNAMIC_NO_PIC = NO;
				GCC_NO_COMMON_BLOCKS = YES;
				GCC_OPTIMIZATION_LEVEL = 0;
				GCC_PREPROCESSOR_DEFINITIONS = (
					"DEBUG=1",
					"$(inherited)",
				);
				GCC_WARN_64_TO_32_BIT_CONVERSION = YES;
				GCC_WARN_ABOUT_RETURN_TYPE = YES_ERROR;
				GCC_WARN_UNDECLARED_SELECTOR = YES;
				GCC_WARN_UNINITIALIZED_AUTOS = YES_AGGRESSIVE;
				GCC_WARN_UNUSED_FUNCTION = YES;
				GCC_WARN_UNUSED_VARIABLE = YES;
				IPHONEOS_DEPLOYMENT_TARGET = 9.1;
				MTL_ENABLE_DEBUG_INFO = YES;
				ONLY_ACTIVE_ARCH = YES;
				SDKROOT = iphoneos;
				SWIFT_OPTIMIZATION_LEVEL = "-Onone";
				TARGETED_DEVICE_FAMILY = "1,2";
			};
			name = Debug;
		};
		A2B70BF51C04E9920073E105 /* Release */ = {
			isa = XCBuildConfiguration;
			buildSettings = {
				ALWAYS_SEARCH_USER_PATHS = NO;
				CLANG_CXX_LANGUAGE_STANDARD = "gnu++0x";
				CLANG_CXX_LIBRARY = "libc++";
				CLANG_ENABLE_MODULES = YES;
				CLANG_ENABLE_OBJC_ARC = YES;
				CLANG_WARN_BOOL_CONVERSION = YES;
				CLANG_WARN_CONSTANT_CONVERSION = YES;
				CLANG_WARN_DIRECT_OBJC_ISA_USAGE = YES_ERROR;
				CLANG_WARN_EMPTY_BODY = YES;
				CLANG_WARN_ENUM_CONVERSION = YES;
				CLANG_WARN_INT_CONVERSION = YES;
				CLANG_WARN_OBJC_ROOT_CLASS = YES_ERROR;
				CLANG_WARN_UNREACHABLE_CODE = YES;
				CLANG_WARN__DUPLICATE_METHOD_MATCH = YES;
				"CODE_SIGN_IDENTITY[sdk=iphoneos*]" = "iPhone Developer";
				COPY_PHASE_STRIP = NO;
				DEBUG_INFORMATION_FORMAT = "dwarf-with-dsym";
				ENABLE_NS_ASSERTIONS = NO;
				ENABLE_STRICT_OBJC_MSGSEND = YES;
				GCC_C_LANGUAGE_STANDARD = gnu99;
				GCC_NO_COMMON_BLOCKS = YES;
				GCC_WARN_64_TO_32_BIT_CONVERSION = YES;
				GCC_WARN_ABOUT_RETURN_TYPE = YES_ERROR;
				GCC_WARN_UNDECLARED_SELECTOR = YES;
				GCC_WARN_UNINITIALIZED_AUTOS = YES_AGGRESSIVE;
				GCC_WARN_UNUSED_FUNCTION = YES;
				GCC_WARN_UNUSED_VARIABLE = YES;
				IPHONEOS_DEPLOYMENT_TARGET = 9.1;
				MTL_ENABLE_DEBUG_INFO = NO;
				SDKROOT = iphoneos;
				TARGETED_DEVICE_FAMILY = "1,2";
				VALIDATE_PRODUCT = YES;
			};
			name = Release;
		};
		A2B70BF71C04E9920073E105 /* Debug */ = {
			isa = XCBuildConfiguration;
			buildSettings = {
				ASSETCATALOG_COMPILER_APPICON_NAME = AppIcon;
				INFOPLIST_FILE = Blade/Info.plist;
				LD_RUNPATH_SEARCH_PATHS = "$(inherited) @executable_path/Frameworks";
				PRODUCT_BUNDLE_IDENTIFIER = home.Blade;
				PRODUCT_NAME = "$(TARGET_NAME)";
			};
			name = Debug;
		};
		A2B70BF81C04E9920073E105 /* Release */ = {
			isa = XCBuildConfiguration;
			buildSettings = {
				ASSETCATALOG_COMPILER_APPICON_NAME = AppIcon;
				INFOPLIST_FILE = Blade/Info.plist;
				LD_RUNPATH_SEARCH_PATHS = "$(inherited) @executable_path/Frameworks";
				PRODUCT_BUNDLE_IDENTIFIER = home.Blade;
				PRODUCT_NAME = "$(TARGET_NAME)";
			};
			name = Release;
		};
		A2B70BFA1C04E9920073E105 /* Debug */ = {
			isa = XCBuildConfiguration;
			buildSettings = {
				BUNDLE_LOADER = "$(TEST_HOST)";
				DEBUG_INFORMATION_FORMAT = dwarf;
				INFOPLIST_FILE = BladeTests/Info.plist;
				LD_RUNPATH_SEARCH_PATHS = "$(inherited) @executable_path/Frameworks @loader_path/Frameworks";
				PRODUCT_BUNDLE_IDENTIFIER = home.BladeTests;
				PRODUCT_NAME = "$(TARGET_NAME)";
				TEST_HOST = "$(BUILT_PRODUCTS_DIR)/Blade.app/Blade";
			};
			name = Debug;
		};
		A2B70BFB1C04E9920073E105 /* Release */ = {
			isa = XCBuildConfiguration;
			buildSettings = {
				BUNDLE_LOADER = "$(TEST_HOST)";
				INFOPLIST_FILE = BladeTests/Info.plist;
				LD_RUNPATH_SEARCH_PATHS = "$(inherited) @executable_path/Frameworks @loader_path/Frameworks";
				PRODUCT_BUNDLE_IDENTIFIER = home.BladeTests;
				PRODUCT_NAME = "$(TARGET_NAME)";
				TEST_HOST = "$(BUILT_PRODUCTS_DIR)/Blade.app/Blade";
			};
			name = Release;
		};
		A2B70BFD1C04E9920073E105 /* Debug */ = {
			isa = XCBuildConfiguration;
			buildSettings = {
				DEBUG_INFORMATION_FORMAT = dwarf;
				INFOPLIST_FILE = BladeUITests/Info.plist;
				LD_RUNPATH_SEARCH_PATHS = "$(inherited) @executable_path/Frameworks @loader_path/Frameworks";
				PRODUCT_BUNDLE_IDENTIFIER = home.BladeUITests;
				PRODUCT_NAME = "$(TARGET_NAME)";
				TEST_TARGET_NAME = Blade;
				USES_XCTRUNNER = YES;
			};
			name = Debug;
		};
		A2B70BFE1C04E9920073E105 /* Release */ = {
			isa = XCBuildConfiguration;
			buildSettings = {
				INFOPLIST_FILE = BladeUITests/Info.plist;
				LD_RUNPATH_SEARCH_PATHS = "$(inherited) @executable_path/Frameworks @loader_path/Frameworks";
				PRODUCT_BUNDLE_IDENTIFIER = home.BladeUITests;
				PRODUCT_NAME = "$(TARGET_NAME)";
				TEST_TARGET_NAME = Blade;
				USES_XCTRUNNER = YES;
			};
			name = Release;
		};
/* End XCBuildConfiguration section */

/* Begin XCConfigurationList section */
		A2B70BC51C04E9910073E105 /* Build configuration list for PBXProject "Blade" */ = {
			isa = XCConfigurationList;
			buildConfigurations = (
				A2B70BF41C04E9920073E105 /* Debug */,
				A2B70BF51C04E9920073E105 /* Release */,
			);
			defaultConfigurationIsVisible = 0;
			defaultConfigurationName = Release;
		};
		A2B70BF61C04E9920073E105 /* Build configuration list for PBXNativeTarget "Blade" */ = {
			isa = XCConfigurationList;
			buildConfigurations = (
				A2B70BF71C04E9920073E105 /* Debug */,
				A2B70BF81C04E9920073E105 /* Release */,
			);
			defaultConfigurationIsVisible = 0;
			defaultConfigurationName = Release;
		};
		A2B70BF91C04E9920073E105 /* Build configuration list for PBXNativeTarget "BladeTests" */ = {
			isa = XCConfigurationList;
			buildConfigurations = (
				A2B70BFA1C04E9920073E105 /* Debug */,
				A2B70BFB1C04E9920073E105 /* Release */,
			);
			defaultConfigurationIsVisible = 0;
			defaultConfigurationName = Release;
		};
		A2B70BFC1C04E9920073E105 /* Build configuration list for PBXNativeTarget "BladeUITests" */ = {
			isa = XCConfigurationList;
			buildConfigurations = (
				A2B70BFD1C04E9920073E105 /* Debug */,
				A2B70BFE1C04E9920073E105 /* Release */,
			);
			defaultConfigurationIsVisible = 0;
			defaultConfigurationName = Release;
		};
/* End XCConfigurationList section */
	};
	rootObject = A2B70BC21C04E9910073E105 /* Project object */;
}
